
Microsoft Visual Studio Solution File, Format Version 12.00
# Visual Studio 15
VisualStudioVersion = 15.0.28307.168
MinimumVisualStudioVersion = 10.0.40219.1
Project("{FAE04EC0-301F-11D3-BF4B-00C04F79EFBC}") = "C0730195_WEEK5", "C0730195_WEEK5\C0730195_WEEK5.csproj", "{950AAFC9-A74D-49F6-A9E0-CFF1B490C72D}"
EndProject
Global
	GlobalSection(SolutionConfigurationPlatforms) = preSolution
		Debug|Any CPU = Debug|Any CPU
		Release|Any CPU = Release|Any CPU
	EndGlobalSection
	GlobalSection(ProjectConfigurationPlatforms) = postSolution
		{950AAFC9-A74D-49F6-A9E0-CFF1B490C72D}.Debug|Any CPU.ActiveCfg = Debug|Any CPU
		{950AAFC9-A74D-49F6-A9E0-CFF1B490C72D}.Debug|Any CPU.Build.0 = Debug|Any CPU
		{950AAFC9-A74D-49F6-A9E0-CFF1B490C72D}.Release|Any CPU.ActiveCfg = Release|Any CPU
		{950AAFC9-A74D-49F6-A9E0-CFF1B490C72D}.Release|Any CPU.Build.0 = Release|Any CPU
	EndGlobalSection
	GlobalSection(SolutionProperties) = preSolution
		HideSolutionNode = FALSE
	EndGlobalSection
	GlobalSection(ExtensibilityGlobals) = postSolution
		SolutionGuid = {668D9B88-B292-4FA0-927E-B3B4A18D6E7B}
	EndGlobalSection
EndGlobal
